// !$*UTF8*$!
{
	archiveVersion = 1;
	classes = {
	};
	objectVersion = 48;
	objects = {

/* Begin PBXBuildFile section */
		2C0B8AF81FAEE443004BD742 /* GGBBaseTVC.m in Sources */ = {isa = PBXBuildFile; fileRef = 2C0B8AF71FAEE443004BD742 /* GGBBaseTVC.m */; };
		2C0B8AFE1FB06025004BD742 /* GGBBaseTracksTVC.m in Sources */ = {isa = PBXBuildFile; fileRef = 2C0B8AFD1FB06025004BD742 /* GGBBaseTracksTVC.m */; };
		2C0B8B011FB33781004BD742 /* GGBTrackInfoVC.m in Sources */ = {isa = PBXBuildFile; fileRef = 2C0B8B001FB33781004BD742 /* GGBTrackInfoVC.m */; };
		2C0B8B031FB42A60004BD742 /* cd.png in Resources */ = {isa = PBXBuildFile; fileRef = 2C0B8B021FB42A60004BD742 /* cd.png */; };
		2C0B8B1A1FB58B07004BD742 /* icons8-mute.png in Resources */ = {isa = PBXBuildFile; fileRef = 2C0B8B191FB58B07004BD742 /* icons8-mute.png */; };
		2C0B8B1C1FB58B1D004BD742 /* icons8-volume_up.png in Resources */ = {isa = PBXBuildFile; fileRef = 2C0B8B1B1FB58B1C004BD742 /* icons8-volume_up.png */; };
		2C0B8B241FB58B83004BD742 /* icons8-play.png in Resources */ = {isa = PBXBuildFile; fileRef = 2C0B8B231FB58B83004BD742 /* icons8-play.png */; };
		2C0B8B261FB58B8B004BD742 /* icons8-fast_forward.png in Resources */ = {isa = PBXBuildFile; fileRef = 2C0B8B251FB58B8B004BD742 /* icons8-fast_forward.png */; };
		2C0B8B281FB58B94004BD742 /* icons8-rewind.png in Resources */ = {isa = PBXBuildFile; fileRef = 2C0B8B271FB58B94004BD742 /* icons8-rewind.png */; };
		2C0B8B2A1FB58B9C004BD742 /* icons8-pause.png in Resources */ = {isa = PBXBuildFile; fileRef = 2C0B8B291FB58B9C004BD742 /* icons8-pause.png */; };
		2C0B8B2C1FB5ACD4004BD742 /* icons8-like_filled.png in Resources */ = {isa = PBXBuildFile; fileRef = 2C0B8B2B1FB5ACD4004BD742 /* icons8-like_filled.png */; };
		2C0B8B2E1FB5ACE1004BD742 /* icons8-like.png in Resources */ = {isa = PBXBuildFile; fileRef = 2C0B8B2D1FB5ACE1004BD742 /* icons8-like.png */; };
		2C0B8B381FB83BB8004BD742 /* transparent.png in Resources */ = {isa = PBXBuildFile; fileRef = 2C0B8B371FB83BB7004BD742 /* transparent.png */; };
		2C7956C71F9A2E3B00EB3072 /* GGBAllTracksTVC.m in Sources */ = {isa = PBXBuildFile; fileRef = 2C7956C61F9A2E3B00EB3072 /* GGBAllTracksTVC.m */; };
		2C7956CB1F9DE5A900EB3072 /* GGBPlayerNC.m in Sources */ = {isa = PBXBuildFile; fileRef = 2C7956CA1F9DE5A900EB3072 /* GGBPlayerNC.m */; };
		2C8C0E431F94D1900007403C /* GGBAppDelegate.m in Sources */ = {isa = PBXBuildFile; fileRef = 2C8C0E421F94D1900007403C /* GGBAppDelegate.m */; };
		2C8C0E4B1F94D1900007403C /* Assets.xcassets in Resources */ = {isa = PBXBuildFile; fileRef = 2C8C0E4A1F94D1900007403C /* Assets.xcassets */; };
		2C8C0E4E1F94D1900007403C /* LaunchScreen.storyboard in Resources */ = {isa = PBXBuildFile; fileRef = 2C8C0E4C1F94D1900007403C /* LaunchScreen.storyboard */; };
		2C8C0E511F94D1900007403C /* main.m in Sources */ = {isa = PBXBuildFile; fileRef = 2C8C0E501F94D1900007403C /* main.m */; };
		2C8C0E5B1F94D1900007403C /* GGBPlayerTests.m in Sources */ = {isa = PBXBuildFile; fileRef = 2C8C0E5A1F94D1900007403C /* GGBPlayerTests.m */; };
		2C8C0E661F94D1900007403C /* GGBPlayerUITests.m in Sources */ = {isa = PBXBuildFile; fileRef = 2C8C0E651F94D1900007403C /* GGBPlayerUITests.m */; };
		2C8C0E751F94D2790007403C /* GGBLibraryController.m in Sources */ = {isa = PBXBuildFile; fileRef = 2C8C0E741F94D2790007403C /* GGBLibraryController.m */; };
		2C8C0E791F94E0D50007403C /* Main.storyboard in Resources */ = {isa = PBXBuildFile; fileRef = 2C8C0E781F94E0D50007403C /* Main.storyboard */; };
		2C8C0E821F95DF570007403C /* GGBAlbumsTVC.m in Sources */ = {isa = PBXBuildFile; fileRef = 2C8C0E811F95DF570007403C /* GGBAlbumsTVC.m */; };
		2C8C0E841F95E00A0007403C /* GGBArtistsTVC.m in Sources */ = {isa = PBXBuildFile; fileRef = 2C8C0E831F95E00A0007403C /* GGBArtistsTVC.m */; };
		2C8C0E871F95EA1C0007403C /* GGBTracksTVC.m in Sources */ = {isa = PBXBuildFile; fileRef = 2C8C0E861F95EA1C0007403C /* GGBTracksTVC.m */; };
		2CE856781FBDD2BC001EEAEA /* icons8-sad_male.png in Resources */ = {isa = PBXBuildFile; fileRef = 2CE856771FBDD2BC001EEAEA /* icons8-sad_male.png */; };
		2CE8567B1FBEDE48001EEAEA /* GGBHelper.m in Sources */ = {isa = PBXBuildFile; fileRef = 2CE8567A1FBEDE48001EEAEA /* GGBHelper.m */; };
		5E74DF1A7B5304622B051E07 /* Pods_GGBPlayer.framework in Frameworks */ = {isa = PBXBuildFile; fileRef = BE5BA13C1A752953CA71E418 /* Pods_GGBPlayer.framework */; };
/* End PBXBuildFile section */

/* Begin PBXContainerItemProxy section */
		2C8C0E571F94D1900007403C /* PBXContainerItemProxy */ = {
			isa = PBXContainerItemProxy;
			containerPortal = 2C8C0E361F94D1900007403C /* Project object */;
			proxyType = 1;
			remoteGlobalIDString = 2C8C0E3D1F94D1900007403C;
			remoteInfo = GGBPlayer;
		};
		2C8C0E621F94D1900007403C /* PBXContainerItemProxy */ = {
			isa = PBXContainerItemProxy;
			containerPortal = 2C8C0E361F94D1900007403C /* Project object */;
			proxyType = 1;
			remoteGlobalIDString = 2C8C0E3D1F94D1900007403C;
			remoteInfo = GGBPlayer;
		};
/* End PBXContainerItemProxy section */

/* Begin PBXFileReference section */
		23F2A447E6965BA503700E9A /* Pods-GGBPlayer.debug.xcconfig */ = {isa = PBXFileReference; includeInIndex = 1; lastKnownFileType = text.xcconfig; name = "Pods-GGBPlayer.debug.xcconfig"; path = "Pods/Target Support Files/Pods-GGBPlayer/Pods-GGBPlayer.debug.xcconfig"; sourceTree = "<group>"; };
		2C0B8AF61FAEE443004BD742 /* GGBBaseTVC.h */ = {isa = PBXFileReference; lastKnownFileType = sourcecode.c.h; path = GGBBaseTVC.h; sourceTree = "<group>"; };
		2C0B8AF71FAEE443004BD742 /* GGBBaseTVC.m */ = {isa = PBXFileReference; lastKnownFileType = sourcecode.c.objc; path = GGBBaseTVC.m; sourceTree = "<group>"; };
		2C0B8AFC1FB06025004BD742 /* GGBBaseTracksTVC.h */ = {isa = PBXFileReference; lastKnownFileType = sourcecode.c.h; path = GGBBaseTracksTVC.h; sourceTree = "<group>"; };
		2C0B8AFD1FB06025004BD742 /* GGBBaseTracksTVC.m */ = {isa = PBXFileReference; lastKnownFileType = sourcecode.c.objc; path = GGBBaseTracksTVC.m; sourceTree = "<group>"; };
		2C0B8AFF1FB33781004BD742 /* GGBTrackInfoVC.h */ = {isa = PBXFileReference; lastKnownFileType = sourcecode.c.h; path = GGBTrackInfoVC.h; sourceTree = "<group>"; };
		2C0B8B001FB33781004BD742 /* GGBTrackInfoVC.m */ = {isa = PBXFileReference; lastKnownFileType = sourcecode.c.objc; path = GGBTrackInfoVC.m; sourceTree = "<group>"; };
		2C0B8B021FB42A60004BD742 /* cd.png */ = {isa = PBXFileReference; lastKnownFileType = image.png; path = cd.png; sourceTree = "<group>"; };
		2C0B8B191FB58B07004BD742 /* icons8-mute.png */ = {isa = PBXFileReference; lastKnownFileType = image.png; path = "icons8-mute.png"; sourceTree = "<group>"; };
		2C0B8B1B1FB58B1C004BD742 /* icons8-volume_up.png */ = {isa = PBXFileReference; lastKnownFileType = image.png; path = "icons8-volume_up.png"; sourceTree = "<group>"; };
		2C0B8B231FB58B83004BD742 /* icons8-play.png */ = {isa = PBXFileReference; lastKnownFileType = image.png; path = "icons8-play.png"; sourceTree = "<group>"; };
		2C0B8B251FB58B8B004BD742 /* icons8-fast_forward.png */ = {isa = PBXFileReference; lastKnownFileType = image.png; path = "icons8-fast_forward.png"; sourceTree = "<group>"; };
		2C0B8B271FB58B94004BD742 /* icons8-rewind.png */ = {isa = PBXFileReference; lastKnownFileType = image.png; path = "icons8-rewind.png"; sourceTree = "<group>"; };
		2C0B8B291FB58B9C004BD742 /* icons8-pause.png */ = {isa = PBXFileReference; lastKnownFileType = image.png; path = "icons8-pause.png"; sourceTree = "<group>"; };
		2C0B8B2B1FB5ACD4004BD742 /* icons8-like_filled.png */ = {isa = PBXFileReference; lastKnownFileType = image.png; path = "icons8-like_filled.png"; sourceTree = "<group>"; };
		2C0B8B2D1FB5ACE1004BD742 /* icons8-like.png */ = {isa = PBXFileReference; lastKnownFileType = image.png; path = "icons8-like.png"; sourceTree = "<group>"; };
		2C0B8B371FB83BB7004BD742 /* transparent.png */ = {isa = PBXFileReference; lastKnownFileType = image.png; path = transparent.png; sourceTree = "<group>"; };
		2C7956C51F9A2E3B00EB3072 /* GGBAllTracksTVC.h */ = {isa = PBXFileReference; lastKnownFileType = sourcecode.c.h; path = GGBAllTracksTVC.h; sourceTree = "<group>"; };
		2C7956C61F9A2E3B00EB3072 /* GGBAllTracksTVC.m */ = {isa = PBXFileReference; lastKnownFileType = sourcecode.c.objc; path = GGBAllTracksTVC.m; sourceTree = "<group>"; };
		2C7956C81F9DE44B00EB3072 /* GGBConstants.h */ = {isa = PBXFileReference; lastKnownFileType = sourcecode.c.h; path = GGBConstants.h; sourceTree = "<group>"; };
		2C7956C91F9DE5A900EB3072 /* GGBPlayerNC.h */ = {isa = PBXFileReference; lastKnownFileType = sourcecode.c.h; path = GGBPlayerNC.h; sourceTree = "<group>"; };
		2C7956CA1F9DE5A900EB3072 /* GGBPlayerNC.m */ = {isa = PBXFileReference; lastKnownFileType = sourcecode.c.objc; path = GGBPlayerNC.m; sourceTree = "<group>"; };
		2C8C0E3E1F94D1900007403C /* GGBPlayer.app */ = {isa = PBXFileReference; explicitFileType = wrapper.application; includeInIndex = 0; path = GGBPlayer.app; sourceTree = BUILT_PRODUCTS_DIR; };
		2C8C0E411F94D1900007403C /* GGBAppDelegate.h */ = {isa = PBXFileReference; lastKnownFileType = sourcecode.c.h; path = GGBAppDelegate.h; sourceTree = "<group>"; };
		2C8C0E421F94D1900007403C /* GGBAppDelegate.m */ = {isa = PBXFileReference; lastKnownFileType = sourcecode.c.objc; path = GGBAppDelegate.m; sourceTree = "<group>"; };
		2C8C0E4A1F94D1900007403C /* Assets.xcassets */ = {isa = PBXFileReference; lastKnownFileType = folder.assetcatalog; path = Assets.xcassets; sourceTree = "<group>"; };
		2C8C0E4D1F94D1900007403C /* Base */ = {isa = PBXFileReference; lastKnownFileType = file.storyboard; name = Base; path = Base.lproj/LaunchScreen.storyboard; sourceTree = "<group>"; };
		2C8C0E4F1F94D1900007403C /* Info.plist */ = {isa = PBXFileReference; lastKnownFileType = text.plist.xml; path = Info.plist; sourceTree = "<group>"; };
		2C8C0E501F94D1900007403C /* main.m */ = {isa = PBXFileReference; lastKnownFileType = sourcecode.c.objc; path = main.m; sourceTree = "<group>"; };
		2C8C0E561F94D1900007403C /* GGBPlayerTests.xctest */ = {isa = PBXFileReference; explicitFileType = wrapper.cfbundle; includeInIndex = 0; path = GGBPlayerTests.xctest; sourceTree = BUILT_PRODUCTS_DIR; };
		2C8C0E5A1F94D1900007403C /* GGBPlayerTests.m */ = {isa = PBXFileReference; lastKnownFileType = sourcecode.c.objc; path = GGBPlayerTests.m; sourceTree = "<group>"; };
		2C8C0E5C1F94D1900007403C /* Info.plist */ = {isa = PBXFileReference; lastKnownFileType = text.plist.xml; path = Info.plist; sourceTree = "<group>"; };
		2C8C0E611F94D1900007403C /* GGBPlayerUITests.xctest */ = {isa = PBXFileReference; explicitFileType = wrapper.cfbundle; includeInIndex = 0; path = GGBPlayerUITests.xctest; sourceTree = BUILT_PRODUCTS_DIR; };
		2C8C0E651F94D1900007403C /* GGBPlayerUITests.m */ = {isa = PBXFileReference; lastKnownFileType = sourcecode.c.objc; path = GGBPlayerUITests.m; sourceTree = "<group>"; };
		2C8C0E671F94D1900007403C /* Info.plist */ = {isa = PBXFileReference; lastKnownFileType = text.plist.xml; path = Info.plist; sourceTree = "<group>"; };
		2C8C0E731F94D2790007403C /* GGBLibraryController.h */ = {isa = PBXFileReference; lastKnownFileType = sourcecode.c.h; path = GGBLibraryController.h; sourceTree = "<group>"; };
		2C8C0E741F94D2790007403C /* GGBLibraryController.m */ = {isa = PBXFileReference; lastKnownFileType = sourcecode.c.objc; path = GGBLibraryController.m; sourceTree = "<group>"; };
		2C8C0E781F94E0D50007403C /* Main.storyboard */ = {isa = PBXFileReference; lastKnownFileType = file.storyboard; path = Main.storyboard; sourceTree = "<group>"; };
		2C8C0E7D1F94EA5A0007403C /* GGBArtistsTVC.h */ = {isa = PBXFileReference; lastKnownFileType = sourcecode.c.h; path = GGBArtistsTVC.h; sourceTree = "<group>"; };
		2C8C0E801F95DF570007403C /* GGBAlbumsTVC.h */ = {isa = PBXFileReference; lastKnownFileType = sourcecode.c.h; path = GGBAlbumsTVC.h; sourceTree = "<group>"; };
		2C8C0E811F95DF570007403C /* GGBAlbumsTVC.m */ = {isa = PBXFileReference; lastKnownFileType = sourcecode.c.objc; path = GGBAlbumsTVC.m; sourceTree = "<group>"; };
		2C8C0E831F95E00A0007403C /* GGBArtistsTVC.m */ = {isa = PBXFileReference; lastKnownFileType = sourcecode.c.objc; path = GGBArtistsTVC.m; sourceTree = "<group>"; };
		2C8C0E851F95EA1C0007403C /* GGBTracksTVC.h */ = {isa = PBXFileReference; lastKnownFileType = sourcecode.c.h; path = GGBTracksTVC.h; sourceTree = "<group>"; };
		2C8C0E861F95EA1C0007403C /* GGBTracksTVC.m */ = {isa = PBXFileReference; lastKnownFileType = sourcecode.c.objc; path = GGBTracksTVC.m; sourceTree = "<group>"; };
		2CE856761FBDC7DE001EEAEA /* GGBPrivateConstants.h */ = {isa = PBXFileReference; lastKnownFileType = sourcecode.c.h; path = GGBPrivateConstants.h; sourceTree = "<group>"; };
		2CE856771FBDD2BC001EEAEA /* icons8-sad_male.png */ = {isa = PBXFileReference; lastKnownFileType = image.png; path = "icons8-sad_male.png"; sourceTree = "<group>"; };
		2CE856791FBEDE48001EEAEA /* GGBHelper.h */ = {isa = PBXFileReference; lastKnownFileType = sourcecode.c.h; path = GGBHelper.h; sourceTree = "<group>"; };
		2CE8567A1FBEDE48001EEAEA /* GGBHelper.m */ = {isa = PBXFileReference; lastKnownFileType = sourcecode.c.objc; path = GGBHelper.m; sourceTree = "<group>"; };
		827ED01C1DDE8E5ABD0E018D /* Pods-GGBPlayer.release.xcconfig */ = {isa = PBXFileReference; includeInIndex = 1; lastKnownFileType = text.xcconfig; name = "Pods-GGBPlayer.release.xcconfig"; path = "Pods/Target Support Files/Pods-GGBPlayer/Pods-GGBPlayer.release.xcconfig"; sourceTree = "<group>"; };
		BE5BA13C1A752953CA71E418 /* Pods_GGBPlayer.framework */ = {isa = PBXFileReference; explicitFileType = wrapper.framework; includeInIndex = 0; path = Pods_GGBPlayer.framework; sourceTree = BUILT_PRODUCTS_DIR; };
/* End PBXFileReference section */

/* Begin PBXFrameworksBuildPhase section */
		2C8C0E3B1F94D1900007403C /* Frameworks */ = {
			isa = PBXFrameworksBuildPhase;
			buildActionMask = 2147483647;
			files = (
				5E74DF1A7B5304622B051E07 /* Pods_GGBPlayer.framework in Frameworks */,
			);
			runOnlyForDeploymentPostprocessing = 0;
		};
		2C8C0E531F94D1900007403C /* Frameworks */ = {
			isa = PBXFrameworksBuildPhase;
			buildActionMask = 2147483647;
			files = (
			);
			runOnlyForDeploymentPostprocessing = 0;
		};
		2C8C0E5E1F94D1900007403C /* Frameworks */ = {
			isa = PBXFrameworksBuildPhase;
			buildActionMask = 2147483647;
			files = (
			);
			runOnlyForDeploymentPostprocessing = 0;
		};
/* End PBXFrameworksBuildPhase section */

/* Begin PBXGroup section */
		2C8C0E351F94D1900007403C = {
			isa = PBXGroup;
			children = (
				2C8C0E401F94D1900007403C /* GGBPlayer */,
				2C8C0E591F94D1900007403C /* GGBPlayerTests */,
				2C8C0E641F94D1900007403C /* GGBPlayerUITests */,
				2C8C0E3F1F94D1900007403C /* Products */,
				9078AAD3AD4E478ACFE1EABC /* Pods */,
				7CD983752B9DDFE779C33F0E /* Frameworks */,
			);
			sourceTree = "<group>";
		};
		2C8C0E3F1F94D1900007403C /* Products */ = {
			isa = PBXGroup;
			children = (
				2C8C0E3E1F94D1900007403C /* GGBPlayer.app */,
				2C8C0E561F94D1900007403C /* GGBPlayerTests.xctest */,
				2C8C0E611F94D1900007403C /* GGBPlayerUITests.xctest */,
			);
			name = Products;
			sourceTree = "<group>";
		};
		2C8C0E401F94D1900007403C /* GGBPlayer */ = {
			isa = PBXGroup;
			children = (
				2C8C0E881F96574F0007403C /* Resources */,
				2C8C0E411F94D1900007403C /* GGBAppDelegate.h */,
				2C8C0E421F94D1900007403C /* GGBAppDelegate.m */,
				2C8C0E781F94E0D50007403C /* Main.storyboard */,
				2C8C0E4A1F94D1900007403C /* Assets.xcassets */,
				2C8C0E4C1F94D1900007403C /* LaunchScreen.storyboard */,
				2C8C0E4F1F94D1900007403C /* Info.plist */,
				2C8C0E501F94D1900007403C /* main.m */,
				2C7956C81F9DE44B00EB3072 /* GGBConstants.h */,
				2CE856761FBDC7DE001EEAEA /* GGBPrivateConstants.h */,
				2C8C0E731F94D2790007403C /* GGBLibraryController.h */,
				2C8C0E741F94D2790007403C /* GGBLibraryController.m */,
				2CE856791FBEDE48001EEAEA /* GGBHelper.h */,
				2CE8567A1FBEDE48001EEAEA /* GGBHelper.m */,
				2C7956C91F9DE5A900EB3072 /* GGBPlayerNC.h */,
				2C7956CA1F9DE5A900EB3072 /* GGBPlayerNC.m */,
				2C0B8AF61FAEE443004BD742 /* GGBBaseTVC.h */,
				2C0B8AF71FAEE443004BD742 /* GGBBaseTVC.m */,
				2C8C0E7D1F94EA5A0007403C /* GGBArtistsTVC.h */,
				2C8C0E831F95E00A0007403C /* GGBArtistsTVC.m */,
				2C8C0E801F95DF570007403C /* GGBAlbumsTVC.h */,
				2C8C0E811F95DF570007403C /* GGBAlbumsTVC.m */,
				2C0B8AFC1FB06025004BD742 /* GGBBaseTracksTVC.h */,
				2C0B8AFD1FB06025004BD742 /* GGBBaseTracksTVC.m */,
				2C8C0E851F95EA1C0007403C /* GGBTracksTVC.h */,
				2C8C0E861F95EA1C0007403C /* GGBTracksTVC.m */,
				2C7956C51F9A2E3B00EB3072 /* GGBAllTracksTVC.h */,
				2C7956C61F9A2E3B00EB3072 /* GGBAllTracksTVC.m */,
				2C0B8AFF1FB33781004BD742 /* GGBTrackInfoVC.h */,
				2C0B8B001FB33781004BD742 /* GGBTrackInfoVC.m */,
			);
			path = GGBPlayer;
			sourceTree = "<group>";
		};
		2C8C0E591F94D1900007403C /* GGBPlayerTests */ = {
			isa = PBXGroup;
			children = (
				2C8C0E5A1F94D1900007403C /* GGBPlayerTests.m */,
				2C8C0E5C1F94D1900007403C /* Info.plist */,
			);
			path = GGBPlayerTests;
			sourceTree = "<group>";
		};
		2C8C0E641F94D1900007403C /* GGBPlayerUITests */ = {
			isa = PBXGroup;
			children = (
				2C8C0E651F94D1900007403C /* GGBPlayerUITests.m */,
				2C8C0E671F94D1900007403C /* Info.plist */,
			);
			path = GGBPlayerUITests;
			sourceTree = "<group>";
		};
		2C8C0E881F96574F0007403C /* Resources */ = {
			isa = PBXGroup;
			children = (
				2CE856771FBDD2BC001EEAEA /* icons8-sad_male.png */,
				2C0B8B371FB83BB7004BD742 /* transparent.png */,
				2C0B8B2D1FB5ACE1004BD742 /* icons8-like.png */,
				2C0B8B2B1FB5ACD4004BD742 /* icons8-like_filled.png */,
				2C0B8B291FB58B9C004BD742 /* icons8-pause.png */,
				2C0B8B271FB58B94004BD742 /* icons8-rewind.png */,
				2C0B8B251FB58B8B004BD742 /* icons8-fast_forward.png */,
				2C0B8B231FB58B83004BD742 /* icons8-play.png */,
				2C0B8B1B1FB58B1C004BD742 /* icons8-volume_up.png */,
				2C0B8B191FB58B07004BD742 /* icons8-mute.png */,
				2C0B8B021FB42A60004BD742 /* cd.png */,
			);
			path = Resources;
			sourceTree = "<group>";
		};
		7CD983752B9DDFE779C33F0E /* Frameworks */ = {
			isa = PBXGroup;
			children = (
				BE5BA13C1A752953CA71E418 /* Pods_GGBPlayer.framework */,
			);
			name = Frameworks;
			sourceTree = "<group>";
		};
		9078AAD3AD4E478ACFE1EABC /* Pods */ = {
			isa = PBXGroup;
			children = (
				23F2A447E6965BA503700E9A /* Pods-GGBPlayer.debug.xcconfig */,
				827ED01C1DDE8E5ABD0E018D /* Pods-GGBPlayer.release.xcconfig */,
			);
			name = Pods;
			sourceTree = "<group>";
		};
/* End PBXGroup section */

/* Begin PBXNativeTarget section */
		2C8C0E3D1F94D1900007403C /* GGBPlayer */ = {
			isa = PBXNativeTarget;
			buildConfigurationList = 2C8C0E6A1F94D1900007403C /* Build configuration list for PBXNativeTarget "GGBPlayer" */;
			buildPhases = (
				BB45D7A8238E346AB2E0FF72 /* [CP] Check Pods Manifest.lock */,
				2C8C0E3A1F94D1900007403C /* Sources */,
				2C8C0E3B1F94D1900007403C /* Frameworks */,
				2C8C0E3C1F94D1900007403C /* Resources */,
				53CE169889B54A3D6E693FCA /* [CP] Embed Pods Frameworks */,
				3EDF950428DCDA762C403B01 /* [CP] Copy Pods Resources */,
				2CCA25041FFB887200D5E387 /* Fabric Run Script */,
			);
			buildRules = (
			);
			dependencies = (
			);
			name = GGBPlayer;
			productName = GGBPlayer;
			productReference = 2C8C0E3E1F94D1900007403C /* GGBPlayer.app */;
			productType = "com.apple.product-type.application";
		};
		2C8C0E551F94D1900007403C /* GGBPlayerTests */ = {
			isa = PBXNativeTarget;
			buildConfigurationList = 2C8C0E6D1F94D1900007403C /* Build configuration list for PBXNativeTarget "GGBPlayerTests" */;
			buildPhases = (
				2C8C0E521F94D1900007403C /* Sources */,
				2C8C0E531F94D1900007403C /* Frameworks */,
				2C8C0E541F94D1900007403C /* Resources */,
			);
			buildRules = (
			);
			dependencies = (
				2C8C0E581F94D1900007403C /* PBXTargetDependency */,
			);
			name = GGBPlayerTests;
			productName = GGBPlayerTests;
			productReference = 2C8C0E561F94D1900007403C /* GGBPlayerTests.xctest */;
			productType = "com.apple.product-type.bundle.unit-test";
		};
		2C8C0E601F94D1900007403C /* GGBPlayerUITests */ = {
			isa = PBXNativeTarget;
			buildConfigurationList = 2C8C0E701F94D1900007403C /* Build configuration list for PBXNativeTarget "GGBPlayerUITests" */;
			buildPhases = (
				2C8C0E5D1F94D1900007403C /* Sources */,
				2C8C0E5E1F94D1900007403C /* Frameworks */,
				2C8C0E5F1F94D1900007403C /* Resources */,
			);
			buildRules = (
			);
			dependencies = (
				2C8C0E631F94D1900007403C /* PBXTargetDependency */,
			);
			name = GGBPlayerUITests;
			productName = GGBPlayerUITests;
			productReference = 2C8C0E611F94D1900007403C /* GGBPlayerUITests.xctest */;
			productType = "com.apple.product-type.bundle.ui-testing";
		};
/* End PBXNativeTarget section */

/* Begin PBXProject section */
		2C8C0E361F94D1900007403C /* Project object */ = {
			isa = PBXProject;
			attributes = {
				CLASSPREFIX = GGB;
				LastUpgradeCheck = 0900;
				ORGANIZATIONNAME = "Maxim Grigoriev";
				TargetAttributes = {
					2C8C0E3D1F94D1900007403C = {
						CreatedOnToolsVersion = 9.0;
						ProvisioningStyle = Automatic;
					};
					2C8C0E551F94D1900007403C = {
						CreatedOnToolsVersion = 9.0;
						ProvisioningStyle = Automatic;
						TestTargetID = 2C8C0E3D1F94D1900007403C;
					};
					2C8C0E601F94D1900007403C = {
						CreatedOnToolsVersion = 9.0;
						ProvisioningStyle = Automatic;
						TestTargetID = 2C8C0E3D1F94D1900007403C;
					};
				};
			};
			buildConfigurationList = 2C8C0E391F94D1900007403C /* Build configuration list for PBXProject "GGBPlayer" */;
			compatibilityVersion = "Xcode 8.0";
			developmentRegion = en;
			hasScannedForEncodings = 0;
			knownRegions = (
				en,
				Base,
			);
			mainGroup = 2C8C0E351F94D1900007403C;
			productRefGroup = 2C8C0E3F1F94D1900007403C /* Products */;
			projectDirPath = "";
			projectRoot = "";
			targets = (
				2C8C0E3D1F94D1900007403C /* GGBPlayer */,
				2C8C0E551F94D1900007403C /* GGBPlayerTests */,
				2C8C0E601F94D1900007403C /* GGBPlayerUITests */,
			);
		};
/* End PBXProject section */

/* Begin PBXResourcesBuildPhase section */
		2C8C0E3C1F94D1900007403C /* Resources */ = {
			isa = PBXResourcesBuildPhase;
			buildActionMask = 2147483647;
			files = (
				2C0B8B281FB58B94004BD742 /* icons8-rewind.png in Resources */,
				2C0B8B031FB42A60004BD742 /* cd.png in Resources */,
				2C0B8B381FB83BB8004BD742 /* transparent.png in Resources */,
				2CE856781FBDD2BC001EEAEA /* icons8-sad_male.png in Resources */,
				2C0B8B2A1FB58B9C004BD742 /* icons8-pause.png in Resources */,
				2C0B8B1C1FB58B1D004BD742 /* icons8-volume_up.png in Resources */,
				2C0B8B2E1FB5ACE1004BD742 /* icons8-like.png in Resources */,
				2C0B8B1A1FB58B07004BD742 /* icons8-mute.png in Resources */,
				2C8C0E791F94E0D50007403C /* Main.storyboard in Resources */,
				2C8C0E4E1F94D1900007403C /* LaunchScreen.storyboard in Resources */,
				2C0B8B2C1FB5ACD4004BD742 /* icons8-like_filled.png in Resources */,
				2C0B8B261FB58B8B004BD742 /* icons8-fast_forward.png in Resources */,
				2C8C0E4B1F94D1900007403C /* Assets.xcassets in Resources */,
				2C0B8B241FB58B83004BD742 /* icons8-play.png in Resources */,
			);
			runOnlyForDeploymentPostprocessing = 0;
		};
		2C8C0E541F94D1900007403C /* Resources */ = {
			isa = PBXResourcesBuildPhase;
			buildActionMask = 2147483647;
			files = (
			);
			runOnlyForDeploymentPostprocessing = 0;
		};
		2C8C0E5F1F94D1900007403C /* Resources */ = {
			isa = PBXResourcesBuildPhase;
			buildActionMask = 2147483647;
			files = (
			);
			runOnlyForDeploymentPostprocessing = 0;
		};
/* End PBXResourcesBuildPhase section */

/* Begin PBXShellScriptBuildPhase section */
		2CCA25041FFB887200D5E387 /* Fabric Run Script */ = {
			isa = PBXShellScriptBuildPhase;
			buildActionMask = 2147483647;
			files = (
			);
			inputPaths = (
			);
			name = "Fabric Run Script";
			outputPaths = (
			);
			runOnlyForDeploymentPostprocessing = 0;
			shellPath = /bin/sh;
			shellScript = "source ./fabric.sh";
		};
		3EDF950428DCDA762C403B01 /* [CP] Copy Pods Resources */ = {
			isa = PBXShellScriptBuildPhase;
			buildActionMask = 2147483647;
			files = (
			);
			inputPaths = (
			);
			name = "[CP] Copy Pods Resources";
			outputPaths = (
			);
			runOnlyForDeploymentPostprocessing = 0;
			shellPath = /bin/sh;
			shellScript = "\"${SRCROOT}/Pods/Target Support Files/Pods-GGBPlayer/Pods-GGBPlayer-resources.sh\"\n";
			showEnvVarsInLog = 0;
		};
		53CE169889B54A3D6E693FCA /* [CP] Embed Pods Frameworks */ = {
			isa = PBXShellScriptBuildPhase;
			buildActionMask = 2147483647;
			files = (
			);
			inputPaths = (
			);
			name = "[CP] Embed Pods Frameworks";
			outputPaths = (
			);
			runOnlyForDeploymentPostprocessing = 0;
			shellPath = /bin/sh;
			shellScript = "\"${SRCROOT}/Pods/Target Support Files/Pods-GGBPlayer/Pods-GGBPlayer-frameworks.sh\"\n";
			showEnvVarsInLog = 0;
		};
		BB45D7A8238E346AB2E0FF72 /* [CP] Check Pods Manifest.lock */ = {
			isa = PBXShellScriptBuildPhase;
			buildActionMask = 2147483647;
			files = (
			);
			inputPaths = (
				"${PODS_PODFILE_DIR_PATH}/Podfile.lock",
				"${PODS_ROOT}/Manifest.lock",
			);
			name = "[CP] Check Pods Manifest.lock";
			outputPaths = (
				"$(DERIVED_FILE_DIR)/Pods-GGBPlayer-checkManifestLockResult.txt",
			);
			runOnlyForDeploymentPostprocessing = 0;
			shellPath = /bin/sh;
			shellScript = "diff \"${PODS_PODFILE_DIR_PATH}/Podfile.lock\" \"${PODS_ROOT}/Manifest.lock\" > /dev/null\nif [ $? != 0 ] ; then\n    # print error to STDERR\n    echo \"error: The sandbox is not in sync with the Podfile.lock. Run 'pod install' or update your CocoaPods installation.\" >&2\n    exit 1\nfi\n# This output is used by Xcode 'outputs' to avoid re-running this script phase.\necho \"SUCCESS\" > \"${SCRIPT_OUTPUT_FILE_0}\"\n";
			showEnvVarsInLog = 0;
		};
/* End PBXShellScriptBuildPhase section */

/* Begin PBXSourcesBuildPhase section */
		2C8C0E3A1F94D1900007403C /* Sources */ = {
			isa = PBXSourcesBuildPhase;
			buildActionMask = 2147483647;
			files = (
				2CE8567B1FBEDE48001EEAEA /* GGBHelper.m in Sources */,
				2C7956CB1F9DE5A900EB3072 /* GGBPlayerNC.m in Sources */,
				2C8C0E511F94D1900007403C /* main.m in Sources */,
				2C7956C71F9A2E3B00EB3072 /* GGBAllTracksTVC.m in Sources */,
				2C8C0E871F95EA1C0007403C /* GGBTracksTVC.m in Sources */,
				2C0B8B011FB33781004BD742 /* GGBTrackInfoVC.m in Sources */,
				2C8C0E751F94D2790007403C /* GGBLibraryController.m in Sources */,
				2C8C0E431F94D1900007403C /* GGBAppDelegate.m in Sources */,
				2C8C0E821F95DF570007403C /* GGBAlbumsTVC.m in Sources */,
				2C0B8AFE1FB06025004BD742 /* GGBBaseTracksTVC.m in Sources */,
				2C8C0E841F95E00A0007403C /* GGBArtistsTVC.m in Sources */,
				2C0B8AF81FAEE443004BD742 /* GGBBaseTVC.m in Sources */,
			);
			runOnlyForDeploymentPostprocessing = 0;
		};
		2C8C0E521F94D1900007403C /* Sources */ = {
			isa = PBXSourcesBuildPhase;
			buildActionMask = 2147483647;
			files = (
				2C8C0E5B1F94D1900007403C /* GGBPlayerTests.m in Sources */,
			);
			runOnlyForDeploymentPostprocessing = 0;
		};
		2C8C0E5D1F94D1900007403C /* Sources */ = {
			isa = PBXSourcesBuildPhase;
			buildActionMask = 2147483647;
			files = (
				2C8C0E661F94D1900007403C /* GGBPlayerUITests.m in Sources */,
			);
			runOnlyForDeploymentPostprocessing = 0;
		};
/* End PBXSourcesBuildPhase section */

/* Begin PBXTargetDependency section */
		2C8C0E581F94D1900007403C /* PBXTargetDependency */ = {
			isa = PBXTargetDependency;
			target = 2C8C0E3D1F94D1900007403C /* GGBPlayer */;
			targetProxy = 2C8C0E571F94D1900007403C /* PBXContainerItemProxy */;
		};
		2C8C0E631F94D1900007403C /* PBXTargetDependency */ = {
			isa = PBXTargetDependency;
			target = 2C8C0E3D1F94D1900007403C /* GGBPlayer */;
			targetProxy = 2C8C0E621F94D1900007403C /* PBXContainerItemProxy */;
		};
/* End PBXTargetDependency section */

/* Begin PBXVariantGroup section */
		2C8C0E4C1F94D1900007403C /* LaunchScreen.storyboard */ = {
			isa = PBXVariantGroup;
			children = (
				2C8C0E4D1F94D1900007403C /* Base */,
			);
			name = LaunchScreen.storyboard;
			sourceTree = "<group>";
		};
/* End PBXVariantGroup section */

/* Begin XCBuildConfiguration section */
		2C8C0E681F94D1900007403C /* Debug */ = {
			isa = XCBuildConfiguration;
			buildSettings = {
				ALWAYS_SEARCH_USER_PATHS = NO;
				CLANG_ANALYZER_NONNULL = YES;
				CLANG_ANALYZER_NUMBER_OBJECT_CONVERSION = YES_AGGRESSIVE;
				CLANG_CXX_LANGUAGE_STANDARD = "gnu++14";
				CLANG_CXX_LIBRARY = "libc++";
				CLANG_ENABLE_MODULES = YES;
				CLANG_ENABLE_OBJC_ARC = YES;
				CLANG_WARN_BLOCK_CAPTURE_AUTORELEASING = YES;
				CLANG_WARN_BOOL_CONVERSION = YES;
				CLANG_WARN_COMMA = YES;
				CLANG_WARN_CONSTANT_CONVERSION = YES;
				CLANG_WARN_DIRECT_OBJC_ISA_USAGE = YES_ERROR;
				CLANG_WARN_DOCUMENTATION_COMMENTS = YES;
				CLANG_WARN_EMPTY_BODY = YES;
				CLANG_WARN_ENUM_CONVERSION = YES;
				CLANG_WARN_INFINITE_RECURSION = YES;
				CLANG_WARN_INT_CONVERSION = YES;
				CLANG_WARN_NON_LITERAL_NULL_CONVERSION = YES;
				CLANG_WARN_OBJC_LITERAL_CONVERSION = YES;
				CLANG_WARN_OBJC_ROOT_CLASS = YES_ERROR;
				CLANG_WARN_RANGE_LOOP_ANALYSIS = YES;
				CLANG_WARN_STRICT_PROTOTYPES = YES;
				CLANG_WARN_SUSPICIOUS_MOVE = YES;
				CLANG_WARN_UNGUARDED_AVAILABILITY = YES_AGGRESSIVE;
				CLANG_WARN_UNREACHABLE_CODE = YES;
				CLANG_WARN__DUPLICATE_METHOD_MATCH = YES;
				CODE_SIGN_IDENTITY = "iPhone Developer";
				COPY_PHASE_STRIP = NO;
				DEBUG_INFORMATION_FORMAT = dwarf;
				ENABLE_STRICT_OBJC_MSGSEND = YES;
				ENABLE_TESTABILITY = YES;
				GCC_C_LANGUAGE_STANDARD = gnu11;
				GCC_DYNAMIC_NO_PIC = NO;
				GCC_NO_COMMON_BLOCKS = YES;
				GCC_OPTIMIZATION_LEVEL = 0;
				GCC_PREPROCESSOR_DEFINITIONS = (
					"DEBUG=1",
					"$(inherited)",
				);
				GCC_WARN_64_TO_32_BIT_CONVERSION = YES;
				GCC_WARN_ABOUT_RETURN_TYPE = YES_ERROR;
				GCC_WARN_UNDECLARED_SELECTOR = YES;
				GCC_WARN_UNINITIALIZED_AUTOS = YES_AGGRESSIVE;
				GCC_WARN_UNUSED_FUNCTION = YES;
				GCC_WARN_UNUSED_VARIABLE = YES;
				IPHONEOS_DEPLOYMENT_TARGET = 11.0;
				MTL_ENABLE_DEBUG_INFO = YES;
				ONLY_ACTIVE_ARCH = YES;
				SDKROOT = iphoneos;
			};
			name = Debug;
		};
		2C8C0E691F94D1900007403C /* Release */ = {
			isa = XCBuildConfiguration;
			buildSettings = {
				ALWAYS_SEARCH_USER_PATHS = NO;
				CLANG_ANALYZER_NONNULL = YES;
				CLANG_ANALYZER_NUMBER_OBJECT_CONVERSION = YES_AGGRESSIVE;
				CLANG_CXX_LANGUAGE_STANDARD = "gnu++14";
				CLANG_CXX_LIBRARY = "libc++";
				CLANG_ENABLE_MODULES = YES;
				CLANG_ENABLE_OBJC_ARC = YES;
				CLANG_WARN_BLOCK_CAPTURE_AUTORELEASING = YES;
				CLANG_WARN_BOOL_CONVERSION = YES;
				CLANG_WARN_COMMA = YES;
				CLANG_WARN_CONSTANT_CONVERSION = YES;
				CLANG_WARN_DIRECT_OBJC_ISA_USAGE = YES_ERROR;
				CLANG_WARN_DOCUMENTATION_COMMENTS = YES;
				CLANG_WARN_EMPTY_BODY = YES;
				CLANG_WARN_ENUM_CONVERSION = YES;
				CLANG_WARN_INFINITE_RECURSION = YES;
				CLANG_WARN_INT_CONVERSION = YES;
				CLANG_WARN_NON_LITERAL_NULL_CONVERSION = YES;
				CLANG_WARN_OBJC_LITERAL_CONVERSION = YES;
				CLANG_WARN_OBJC_ROOT_CLASS = YES_ERROR;
				CLANG_WARN_RANGE_LOOP_ANALYSIS = YES;
				CLANG_WARN_STRICT_PROTOTYPES = YES;
				CLANG_WARN_SUSPICIOUS_MOVE = YES;
				CLANG_WARN_UNGUARDED_AVAILABILITY = YES_AGGRESSIVE;
				CLANG_WARN_UNREACHABLE_CODE = YES;
				CLANG_WARN__DUPLICATE_METHOD_MATCH = YES;
				CODE_SIGN_IDENTITY = "iPhone Developer";
				COPY_PHASE_STRIP = NO;
				DEBUG_INFORMATION_FORMAT = "dwarf-with-dsym";
				ENABLE_NS_ASSERTIONS = NO;
				ENABLE_STRICT_OBJC_MSGSEND = YES;
				GCC_C_LANGUAGE_STANDARD = gnu11;
				GCC_NO_COMMON_BLOCKS = YES;
				GCC_WARN_64_TO_32_BIT_CONVERSION = YES;
				GCC_WARN_ABOUT_RETURN_TYPE = YES_ERROR;
				GCC_WARN_UNDECLARED_SELECTOR = YES;
				GCC_WARN_UNINITIALIZED_AUTOS = YES_AGGRESSIVE;
				GCC_WARN_UNUSED_FUNCTION = YES;
				GCC_WARN_UNUSED_VARIABLE = YES;
				IPHONEOS_DEPLOYMENT_TARGET = 11.0;
				MTL_ENABLE_DEBUG_INFO = NO;
				SDKROOT = iphoneos;
				VALIDATE_PRODUCT = YES;
			};
			name = Release;
		};
		2C8C0E6B1F94D1900007403C /* Debug */ = {
			isa = XCBuildConfiguration;
			baseConfigurationReference = 23F2A447E6965BA503700E9A /* Pods-GGBPlayer.debug.xcconfig */;
			buildSettings = {
				ASSETCATALOG_COMPILER_APPICON_NAME = AppIcon;
				CODE_SIGN_STYLE = Automatic;
				DEVELOPMENT_TEAM = HXTB3SFBU4;
				INFOPLIST_FILE = GGBPlayer/Info.plist;
				IPHONEOS_DEPLOYMENT_TARGET = 8.0;
				LD_RUNPATH_SEARCH_PATHS = "$(inherited) @executable_path/Frameworks";
				PRODUCT_BUNDLE_IDENTIFIER = com.maximgrigoriev.GGBPlayer;
				PRODUCT_NAME = "$(TARGET_NAME)";
				TARGETED_DEVICE_FAMILY = "1,2";
			};
			name = Debug;
		};
		2C8C0E6C1F94D1900007403C /* Release */ = {
			isa = XCBuildConfiguration;
			baseConfigurationReference = 827ED01C1DDE8E5ABD0E018D /* Pods-GGBPlayer.release.xcconfig */;
			buildSettings = {
				ASSETCATALOG_COMPILER_APPICON_NAME = AppIcon;
				CODE_SIGN_STYLE = Automatic;
				DEVELOPMENT_TEAM = HXTB3SFBU4;
				INFOPLIST_FILE = GGBPlayer/Info.plist;
				IPHONEOS_DEPLOYMENT_TARGET = 8.0;
				LD_RUNPATH_SEARCH_PATHS = "$(inherited) @executable_path/Frameworks";
				PRODUCT_BUNDLE_IDENTIFIER = com.maximgrigoriev.GGBPlayer;
				PRODUCT_NAME = "$(TARGET_NAME)";
				TARGETED_DEVICE_FAMILY = "1,2";
			};
			name = Release;
		};
		2C8C0E6E1F94D1900007403C /* Debug */ = {
			isa = XCBuildConfiguration;
			buildSettings = {
				BUNDLE_LOADER = "$(TEST_HOST)";
				CODE_SIGN_STYLE = Automatic;
				DEVELOPMENT_TEAM = HXTB3SFBU4;
				INFOPLIST_FILE = GGBPlayerTests/Info.plist;
				LD_RUNPATH_SEARCH_PATHS = "$(inherited) @executable_path/Frameworks @loader_path/Frameworks";
				PRODUCT_BUNDLE_IDENTIFIER = com.maximgrigoriev.GGBPlayerTests;
				PRODUCT_NAME = "$(TARGET_NAME)";
				TARGETED_DEVICE_FAMILY = "1,2";
				TEST_HOST = "$(BUILT_PRODUCTS_DIR)/GGBPlayer.app/GGBPlayer";
			};
			name = Debug;
		};
		2C8C0E6F1F94D1900007403C /* Release */ = {
			isa = XCBuildConfiguration;
			buildSettings = {
				BUNDLE_LOADER = "$(TEST_HOST)";
				CODE_SIGN_STYLE = Automatic;
				DEVELOPMENT_TEAM = HXTB3SFBU4;
				INFOPLIST_FILE = GGBPlayerTests/Info.plist;
				LD_RUNPATH_SEARCH_PATHS = "$(inherited) @executable_path/Frameworks @loader_path/Frameworks";
				PRODUCT_BUNDLE_IDENTIFIER = com.maximgrigoriev.GGBPlayerTests;
				PRODUCT_NAME = "$(TARGET_NAME)";
				TARGETED_DEVICE_FAMILY = "1,2";
				TEST_HOST = "$(BUILT_PRODUCTS_DIR)/GGBPlayer.app/GGBPlayer";
			};
			name = Release;
		};
		2C8C0E711F94D1900007403C /* Debug */ = {
			isa = XCBuildConfiguration;
			buildSettings = {
				CODE_SIGN_STYLE = Automatic;
				DEVELOPMENT_TEAM = HXTB3SFBU4;
				INFOPLIST_FILE = GGBPlayerUITests/Info.plist;
				LD_RUNPATH_SEARCH_PATHS = "$(inherited) @executable_path/Frameworks @loader_path/Frameworks";
				PRODUCT_BUNDLE_IDENTIFIER = com.maximgrigoriev.GGBPlayerUITests;
				PRODUCT_NAME = "$(TARGET_NAME)";
				TARGETED_DEVICE_FAMILY = "1,2";
				TEST_TARGET_NAME = GGBPlayer;
			};
			name = Debug;
		};
		2C8C0E721F94D1900007403C /* Release */ = {
			isa = XCBuildConfiguration;
			buildSettings = {
				CODE_SIGN_STYLE = Automatic;
				DEVELOPMENT_TEAM = HXTB3SFBU4;
				INFOPLIST_FILE = GGBPlayerUITests/Info.plist;
				LD_RUNPATH_SEARCH_PATHS = "$(inherited) @executable_path/Frameworks @loader_path/Frameworks";
				PRODUCT_BUNDLE_IDENTIFIER = com.maximgrigoriev.GGBPlayerUITests;
				PRODUCT_NAME = "$(TARGET_NAME)";
				TARGETED_DEVICE_FAMILY = "1,2";
				TEST_TARGET_NAME = GGBPlayer;
			};
			name = Release;
		};
/* End XCBuildConfiguration section */

/* Begin XCConfigurationList section */
		2C8C0E391F94D1900007403C /* Build configuration list for PBXProject "GGBPlayer" */ = {
			isa = XCConfigurationList;
			buildConfigurations = (
				2C8C0E681F94D1900007403C /* Debug */,
				2C8C0E691F94D1900007403C /* Release */,
			);
			defaultConfigurationIsVisible = 0;
			defaultConfigurationName = Release;
		};
		2C8C0E6A1F94D1900007403C /* Build configuration list for PBXNativeTarget "GGBPlayer" */ = {
			isa = XCConfigurationList;
			buildConfigurations = (
				2C8C0E6B1F94D1900007403C /* Debug */,
				2C8C0E6C1F94D1900007403C /* Release */,
			);
			defaultConfigurationIsVisible = 0;
			defaultConfigurationName = Release;
		};
		2C8C0E6D1F94D1900007403C /* Build configuration list for PBXNativeTarget "GGBPlayerTests" */ = {
			isa = XCConfigurationList;
			buildConfigurations = (
				2C8C0E6E1F94D1900007403C /* Debug */,
				2C8C0E6F1F94D1900007403C /* Release */,
			);
			defaultConfigurationIsVisible = 0;
			defaultConfigurationName = Release;
		};
		2C8C0E701F94D1900007403C /* Build configuration list for PBXNativeTarget "GGBPlayerUITests" */ = {
			isa = XCConfigurationList;
			buildConfigurations = (
				2C8C0E711F94D1900007403C /* Debug */,
				2C8C0E721F94D1900007403C /* Release */,
			);
			defaultConfigurationIsVisible = 0;
			defaultConfigurationName = Release;
		};
/* End XCConfigurationList section */
	};
	rootObject = 2C8C0E361F94D1900007403C /* Project object */;
}
